
Microsoft Visual Studio Solution File, Format Version 12.00
# Visual Studio Version 16
VisualStudioVersion = 16.0.33927.289
MinimumVisualStudioVersion = 10.0.40219.1
Project("{FAE04EC0-301F-11D3-BF4B-00C04F79EFBC}") = "CRUD", "CRUD\CRUD.csproj", "{D809B317-22B7-449D-AC4C-64F3BE84AB42}"
EndProject
Global
	GlobalSection(SolutionConfigurationPlatforms) = preSolution
		Debug|Any CPU = Debug|Any CPU
		Release|Any CPU = Release|Any CPU
	EndGlobalSection
	GlobalSection(ProjectConfigurationPlatforms) = postSolution
		{D809B317-22B7-449D-AC4C-64F3BE84AB42}.Debug|Any CPU.ActiveCfg = Debug|Any CPU
		{D809B317-22B7-449D-AC4C-64F3BE84AB42}.Debug|Any CPU.Build.0 = Debug|Any CPU
		{D809B317-22B7-449D-AC4C-64F3BE84AB42}.Release|Any CPU.ActiveCfg = Release|Any CPU
		{D809B317-22B7-449D-AC4C-64F3BE84AB42}.Release|Any CPU.Build.0 = Release|Any CPU
	EndGlobalSection
	GlobalSection(SolutionProperties) = preSolution
		HideSolutionNode = FALSE
	EndGlobalSection
	GlobalSection(ExtensibilityGlobals) = postSolution
		SolutionGuid = {8F210426-671D-4AE5-8FBF-31A34FAAC4F0}
	EndGlobalSection
EndGlobal
